
Microsoft Visual Studio Solution File, Format Version 12.00
# Visual Studio 15
VisualStudioVersion = 15.0.26730.12
MinimumVisualStudioVersion = 10.0.40219.1
Project("{FAE04EC0-301F-11D3-BF4B-00C04F79EFBC}") = "Café", "Café\Café.csproj", "{29CCC835-655F-4ECF-A60F-EA21BD5786B6}"
EndProject
Project("{FAE04EC0-301F-11D3-BF4B-00C04F79EFBC}") = "CaféTests", "CaféTests\CaféTests.csproj", "{10725335-914F-446A-8D35-96E7F3911365}"
EndProject
Global
	GlobalSection(SolutionConfigurationPlatforms) = preSolution
		Debug|Any CPU = Debug|Any CPU
		Release|Any CPU = Release|Any CPU
	EndGlobalSection
	GlobalSection(ProjectConfigurationPlatforms) = postSolution
		{29CCC835-655F-4ECF-A60F-EA21BD5786B6}.Debug|Any CPU.ActiveCfg = Debug|Any CPU
		{29CCC835-655F-4ECF-A60F-EA21BD5786B6}.Debug|Any CPU.Build.0 = Debug|Any CPU
		{29CCC835-655F-4ECF-A60F-EA21BD5786B6}.Release|Any CPU.ActiveCfg = Release|Any CPU
		{29CCC835-655F-4ECF-A60F-EA21BD5786B6}.Release|Any CPU.Build.0 = Release|Any CPU
		{10725335-914F-446A-8D35-96E7F3911365}.Debug|Any CPU.ActiveCfg = Debug|Any CPU
		{10725335-914F-446A-8D35-96E7F3911365}.Debug|Any CPU.Build.0 = Debug|Any CPU
		{10725335-914F-446A-8D35-96E7F3911365}.Release|Any CPU.ActiveCfg = Release|Any CPU
		{10725335-914F-446A-8D35-96E7F3911365}.Release|Any CPU.Build.0 = Release|Any CPU
	EndGlobalSection
	GlobalSection(SolutionProperties) = preSolution
		HideSolutionNode = FALSE
	EndGlobalSection
	GlobalSection(ExtensibilityGlobals) = postSolution
		SolutionGuid = {94ED01F9-40E6-41FC-9380-A40294EF7620}
	EndGlobalSection
EndGlobal
